
Microsoft Visual Studio Solution File, Format Version 12.00
# Visual Studio Version 17
VisualStudioVersion = 17.9.34714.143
MinimumVisualStudioVersion = 10.0.40219.1
Project("{9A19103F-16F7-4668-BE54-9A1E7A4F7556}") = "RegistroDeCompra.Web", "PrimerParcialPractico-brenda-diaz\RegistroDeCompra.Web.csproj", "{C73C2AF7-F3AE-45E4-B90C-3CB9BC56C468}"
EndProject
Project("{9A19103F-16F7-4668-BE54-9A1E7A4F7556}") = "RegistroDeCompra.Entidades", "PrimerParcial.Entidades\RegistroDeCompra.Entidades.csproj", "{FC4FE175-7F61-4342-AF6C-C9F59C1446C7}"
EndProject
Project("{9A19103F-16F7-4668-BE54-9A1E7A4F7556}") = "RegistroDeCompra.Logica", "PrimerParcial.Logica\RegistroDeCompra.Logica.csproj", "{3552117E-94B1-46DE-A34E-6F341A075143}"
EndProject
Global
	GlobalSection(SolutionConfigurationPlatforms) = preSolution
		Debug|Any CPU = Debug|Any CPU
		Release|Any CPU = Release|Any CPU
	EndGlobalSection
	GlobalSection(ProjectConfigurationPlatforms) = postSolution
		{C73C2AF7-F3AE-45E4-B90C-3CB9BC56C468}.Debug|Any CPU.ActiveCfg = Debug|Any CPU
		{C73C2AF7-F3AE-45E4-B90C-3CB9BC56C468}.Debug|Any CPU.Build.0 = Debug|Any CPU
		{C73C2AF7-F3AE-45E4-B90C-3CB9BC56C468}.Release|Any CPU.ActiveCfg = Release|Any CPU
		{C73C2AF7-F3AE-45E4-B90C-3CB9BC56C468}.Release|Any CPU.Build.0 = Release|Any CPU
		{FC4FE175-7F61-4342-AF6C-C9F59C1446C7}.Debug|Any CPU.ActiveCfg = Debug|Any CPU
		{FC4FE175-7F61-4342-AF6C-C9F59C1446C7}.Debug|Any CPU.Build.0 = Debug|Any CPU
		{FC4FE175-7F61-4342-AF6C-C9F59C1446C7}.Release|Any CPU.ActiveCfg = Release|Any CPU
		{FC4FE175-7F61-4342-AF6C-C9F59C1446C7}.Release|Any CPU.Build.0 = Release|Any CPU
		{3552117E-94B1-46DE-A34E-6F341A075143}.Debug|Any CPU.ActiveCfg = Debug|Any CPU
		{3552117E-94B1-46DE-A34E-6F341A075143}.Debug|Any CPU.Build.0 = Debug|Any CPU
		{3552117E-94B1-46DE-A34E-6F341A075143}.Release|Any CPU.ActiveCfg = Release|Any CPU
		{3552117E-94B1-46DE-A34E-6F341A075143}.Release|Any CPU.Build.0 = Release|Any CPU
	EndGlobalSection
	GlobalSection(SolutionProperties) = preSolution
		HideSolutionNode = FALSE
	EndGlobalSection
	GlobalSection(ExtensibilityGlobals) = postSolution
		SolutionGuid = {5E61A5DF-C929-4158-839E-622DC7E0BE65}
	EndGlobalSection
EndGlobal
